
Microsoft Visual Studio Solution File, Format Version 12.00
# Visual Studio Version 16
VisualStudioVersion = 16.0.29728.190
MinimumVisualStudioVersion = 10.0.40219.1
Project("{FAE04EC0-301F-11D3-BF4B-00C04F79EFBC}") = "Lab2", "Lab2\Lab2.csproj", "{A0839085-8404-4B3A-813D-7133E16B8EBB}"
EndProject
Global
	GlobalSection(SolutionConfigurationPlatforms) = preSolution
		Debug|Any CPU = Debug|Any CPU
		Release|Any CPU = Release|Any CPU
	EndGlobalSection
	GlobalSection(ProjectConfigurationPlatforms) = postSolution
		{A0839085-8404-4B3A-813D-7133E16B8EBB}.Debug|Any CPU.ActiveCfg = Debug|Any CPU
		{A0839085-8404-4B3A-813D-7133E16B8EBB}.Debug|Any CPU.Build.0 = Debug|Any CPU
		{A0839085-8404-4B3A-813D-7133E16B8EBB}.Release|Any CPU.ActiveCfg = Release|Any CPU
		{A0839085-8404-4B3A-813D-7133E16B8EBB}.Release|Any CPU.Build.0 = Release|Any CPU
	EndGlobalSection
	GlobalSection(SolutionProperties) = preSolution
		HideSolutionNode = FALSE
	EndGlobalSection
	GlobalSection(ExtensibilityGlobals) = postSolution
		SolutionGuid = {AD63593F-3029-43C2-824E-D1E75171BF2F}
	EndGlobalSection
EndGlobal
